
Microsoft Visual Studio Solution File, Format Version 12.00
# Visual Studio 15
VisualStudioVersion = 15.0.27428.2015
MinimumVisualStudioVersion = 10.0.40219.1
Project("{FAE04EC0-301F-11D3-BF4B-00C04F79EFBC}") = "TestMakerFreeWebApp", "TestMakerFreeWebApp\TestMakerFreeWebApp.csproj", "{83925639-C1B9-49D6-8570-35AA5CFD0192}"
EndProject
Global
	GlobalSection(SolutionConfigurationPlatforms) = preSolution
		Debug|Any CPU = Debug|Any CPU
		Release|Any CPU = Release|Any CPU
	EndGlobalSection
	GlobalSection(ProjectConfigurationPlatforms) = postSolution
		{83925639-C1B9-49D6-8570-35AA5CFD0192}.Debug|Any CPU.ActiveCfg = Debug|Any CPU
		{83925639-C1B9-49D6-8570-35AA5CFD0192}.Debug|Any CPU.Build.0 = Debug|Any CPU
		{83925639-C1B9-49D6-8570-35AA5CFD0192}.Release|Any CPU.ActiveCfg = Release|Any CPU
		{83925639-C1B9-49D6-8570-35AA5CFD0192}.Release|Any CPU.Build.0 = Release|Any CPU
	EndGlobalSection
	GlobalSection(SolutionProperties) = preSolution
		HideSolutionNode = FALSE
	EndGlobalSection
	GlobalSection(ExtensibilityGlobals) = postSolution
		SolutionGuid = {6B75A1F8-AF89-4487-9964-16E23EEF6140}
	EndGlobalSection
EndGlobal
